// !$*UTF8*$!
{
	archiveVersion = 1;
	classes = {
	};
	objectVersion = 50;
	objects = {

/* Begin PBXBuildFile section */
		5F20250A206FEEFA0098FD07 /* AppDelegate.swift in Sources */ = {isa = PBXBuildFile; fileRef = 5F202509206FEEFA0098FD07 /* AppDelegate.swift */; };
		5F20250C206FEEFA0098FD07 /* ViewController.swift in Sources */ = {isa = PBXBuildFile; fileRef = 5F20250B206FEEFA0098FD07 /* ViewController.swift */; };
		5F20250F206FEEFA0098FD07 /* Main.storyboard in Resources */ = {isa = PBXBuildFile; fileRef = 5F20250D206FEEFA0098FD07 /* Main.storyboard */; };
		5F202511206FEEFB0098FD07 /* Assets.xcassets in Resources */ = {isa = PBXBuildFile; fileRef = 5F202510206FEEFB0098FD07 /* Assets.xcassets */; };
		5F202514206FEEFB0098FD07 /* LaunchScreen.storyboard in Resources */ = {isa = PBXBuildFile; fileRef = 5F202512206FEEFB0098FD07 /* LaunchScreen.storyboard */; };
		5F20251C206FEF210098FD07 /* cachorro.png in Resources */ = {isa = PBXBuildFile; fileRef = 5F20251B206FEF210098FD07 /* cachorro.png */; };
/* End PBXBuildFile section */

/* Begin PBXFileReference section */
		5F202506206FEEFA0098FD07 /* idade de cachorro.app */ = {isa = PBXFileReference; explicitFileType = wrapper.application; includeInIndex = 0; path = "idade de cachorro.app"; sourceTree = BUILT_PRODUCTS_DIR; };
		5F202509206FEEFA0098FD07 /* AppDelegate.swift */ = {isa = PBXFileReference; lastKnownFileType = sourcecode.swift; path = AppDelegate.swift; sourceTree = "<group>"; };
		5F20250B206FEEFA0098FD07 /* ViewController.swift */ = {isa = PBXFileReference; lastKnownFileType = sourcecode.swift; path = ViewController.swift; sourceTree = "<group>"; };
		5F20250E206FEEFA0098FD07 /* Base */ = {isa = PBXFileReference; lastKnownFileType = file.storyboard; name = Base; path = Base.lproj/Main.storyboard; sourceTree = "<group>"; };
		5F202510206FEEFB0098FD07 /* Assets.xcassets */ = {isa = PBXFileReference; lastKnownFileType = folder.assetcatalog; path = Assets.xcassets; sourceTree = "<group>"; };
		5F202513206FEEFB0098FD07 /* Base */ = {isa = PBXFileReference; lastKnownFileType = file.storyboard; name = Base; path = Base.lproj/LaunchScreen.storyboard; sourceTree = "<group>"; };
		5F202515206FEEFB0098FD07 /* Info.plist */ = {isa = PBXFileReference; lastKnownFileType = text.plist.xml; path = Info.plist; sourceTree = "<group>"; };
		5F20251B206FEF210098FD07 /* cachorro.png */ = {isa = PBXFileReference; lastKnownFileType = image.png; path = cachorro.png; sourceTree = "<group>"; };
/* End PBXFileReference section */

/* Begin PBXFrameworksBuildPhase section */
		5F202503206FEEFA0098FD07 /* Frameworks */ = {
			isa = PBXFrameworksBuildPhase;
			buildActionMask = 2147483647;
			files = (
			);
			runOnlyForDeploymentPostprocessing = 0;
		};
/* End PBXFrameworksBuildPhase section */

/* Begin PBXGroup section */
		5F2024FD206FEEF90098FD07 = {
			isa = PBXGroup;
			children = (
				5F202508206FEEFA0098FD07 /* idade de cachorro */,
				5F202507206FEEFA0098FD07 /* Products */,
			);
			sourceTree = "<group>";
		};
		5F202507206FEEFA0098FD07 /* Products */ = {
			isa = PBXGroup;
			children = (
				5F202506206FEEFA0098FD07 /* idade de cachorro.app */,
			);
			name = Products;
			sourceTree = "<group>";
		};
		5F202508206FEEFA0098FD07 /* idade de cachorro */ = {
			isa = PBXGroup;
			children = (
				5F20251B206FEF210098FD07 /* cachorro.png */,
				5F202509206FEEFA0098FD07 /* AppDelegate.swift */,
				5F20250B206FEEFA0098FD07 /* ViewController.swift */,
				5F20250D206FEEFA0098FD07 /* Main.storyboard */,
				5F202510206FEEFB0098FD07 /* Assets.xcassets */,
				5F202512206FEEFB0098FD07 /* LaunchScreen.storyboard */,
				5F202515206FEEFB0098FD07 /* Info.plist */,
			);
			path = "idade de cachorro";
			sourceTree = "<group>";
		};
/* End PBXGroup section */

/* Begin PBXNativeTarget section */
		5F202505206FEEFA0098FD07 /* idade de cachorro */ = {
			isa = PBXNativeTarget;
			buildConfigurationList = 5F202518206FEEFB0098FD07 /* Build configuration list for PBXNativeTarget "idade de cachorro" */;
			buildPhases = (
				5F202502206FEEFA0098FD07 /* Sources */,
				5F202503206FEEFA0098FD07 /* Frameworks */,
				5F202504206FEEFA0098FD07 /* Resources */,
			);
			buildRules = (
			);
			dependencies = (
			);
			name = "idade de cachorro";
			productName = "idade de cachorro";
			productReference = 5F202506206FEEFA0098FD07 /* idade de cachorro.app */;
			productType = "com.apple.product-type.application";
		};
/* End PBXNativeTarget section */

/* Begin PBXProject section */
		5F2024FE206FEEF90098FD07 /* Project object */ = {
			isa = PBXProject;
			attributes = {
				LastSwiftUpdateCheck = 0930;
				LastUpgradeCheck = 0930;
				ORGANIZATIONNAME = "Hicharles Rocha";
				TargetAttributes = {
					5F202505206FEEFA0098FD07 = {
						CreatedOnToolsVersion = 9.3;
					};
				};
			};
			buildConfigurationList = 5F202501206FEEF90098FD07 /* Build configuration list for PBXProject "idade de cachorro" */;
			compatibilityVersion = "Xcode 9.3";
			developmentRegion = en;
			hasScannedForEncodings = 0;
			knownRegions = (
				en,
				Base,
			);
			mainGroup = 5F2024FD206FEEF90098FD07;
			productRefGroup = 5F202507206FEEFA0098FD07 /* Products */;
			projectDirPath = "";
			projectRoot = "";
			targets = (
				5F202505206FEEFA0098FD07 /* idade de cachorro */,
			);
		};
/* End PBXProject section */

/* Begin PBXResourcesBuildPhase section */
		5F202504206FEEFA0098FD07 /* Resources */ = {
			isa = PBXResourcesBuildPhase;
			buildActionMask = 2147483647;
			files = (
				5F20251C206FEF210098FD07 /* cachorro.png in Resources */,
				5F202514206FEEFB0098FD07 /* LaunchScreen.storyboard in Resources */,
				5F202511206FEEFB0098FD07 /* Assets.xcassets in Resources */,
				5F20250F206FEEFA0098FD07 /* Main.storyboard in Resources */,
			);
			runOnlyForDeploymentPostprocessing = 0;
		};
/* End PBXResourcesBuildPhase section */

/* Begin PBXSourcesBuildPhase section */
		5F202502206FEEFA0098FD07 /* Sources */ = {
			isa = PBXSourcesBuildPhase;
			buildActionMask = 2147483647;
			files = (
				5F20250C206FEEFA0098FD07 /* ViewController.swift in Sources */,
				5F20250A206FEEFA0098FD07 /* AppDelegate.swift in Sources */,
			);
			runOnlyForDeploymentPostprocessing = 0;
		};
/* End PBXSourcesBuildPhase section */

/* Begin PBXVariantGroup section */
		5F20250D206FEEFA0098FD07 /* Main.storyboard */ = {
			isa = PBXVariantGroup;
			children = (
				5F20250E206FEEFA0098FD07 /* Base */,
			);
			name = Main.storyboard;
			sourceTree = "<group>";
		};
		5F202512206FEEFB0098FD07 /* LaunchScreen.storyboard */ = {
			isa = PBXVariantGroup;
			children = (
				5F202513206FEEFB0098FD07 /* Base */,
			);
			name = LaunchScreen.storyboard;
			sourceTree = "<group>";
		};
/* End PBXVariantGroup section */

/* Begin XCBuildConfiguration section */
		5F202516206FEEFB0098FD07 /* Debug */ = {
			isa = XCBuildConfiguration;
			buildSettings = {
				ALWAYS_SEARCH_USER_PATHS = NO;
				CLANG_ANALYZER_NONNULL = YES;
				CLANG_ANALYZER_NUMBER_OBJECT_CONVERSION = YES_AGGRESSIVE;
				CLANG_CXX_LANGUAGE_STANDARD = "gnu++14";
				CLANG_CXX_LIBRARY = "libc++";
				CLANG_ENABLE_MODULES = YES;
				CLANG_ENABLE_OBJC_ARC = YES;
				CLANG_ENABLE_OBJC_WEAK = YES;
				CLANG_WARN_BLOCK_CAPTURE_AUTORELEASING = YES;
				CLANG_WARN_BOOL_CONVERSION = YES;
				CLANG_WARN_COMMA = YES;
				CLANG_WARN_CONSTANT_CONVERSION = YES;
				CLANG_WARN_DEPRECATED_OBJC_IMPLEMENTATIONS = YES;
				CLANG_WARN_DIRECT_OBJC_ISA_USAGE = YES_ERROR;
				CLANG_WARN_DOCUMENTATION_COMMENTS = YES;
				CLANG_WARN_EMPTY_BODY = YES;
				CLANG_WARN_ENUM_CONVERSION = YES;
				CLANG_WARN_INFINITE_RECURSION = YES;
				CLANG_WARN_INT_CONVERSION = YES;
				CLANG_WARN_NON_LITERAL_NULL_CONVERSION = YES;
				CLANG_WARN_OBJC_IMPLICIT_RETAIN_SELF = YES;
				CLANG_WARN_OBJC_LITERAL_CONVERSION = YES;
				CLANG_WARN_OBJC_ROOT_CLASS = YES_ERROR;
				CLANG_WARN_RANGE_LOOP_ANALYSIS = YES;
				CLANG_WARN_STRICT_PROTOTYPES = YES;
				CLANG_WARN_SUSPICIOUS_MOVE = YES;
				CLANG_WARN_UNGUARDED_AVAILABILITY = YES_AGGRESSIVE;
				CLANG_WARN_UNREACHABLE_CODE = YES;
				CLANG_WARN__DUPLICATE_METHOD_MATCH = YES;
				CODE_SIGN_IDENTITY = "iPhone Developer";
				COPY_PHASE_STRIP = NO;
				DEBUG_INFORMATION_FORMAT = dwarf;
				ENABLE_STRICT_OBJC_MSGSEND = YES;
				ENABLE_TESTABILITY = YES;
				GCC_C_LANGUAGE_STANDARD = gnu11;
				GCC_DYNAMIC_NO_PIC = NO;
				GCC_NO_COMMON_BLOCKS = YES;
				GCC_OPTIMIZATION_LEVEL = 0;
				GCC_PREPROCESSOR_DEFINITIONS = (
					"DEBUG=1",
					"$(inherited)",
				);
				GCC_WARN_64_TO_32_BIT_CONVERSION = YES;
				GCC_WARN_ABOUT_RETURN_TYPE = YES_ERROR;
				GCC_WARN_UNDECLARED_SELECTOR = YES;
				GCC_WARN_UNINITIALIZED_AUTOS = YES_AGGRESSIVE;
				GCC_WARN_UNUSED_FUNCTION = YES;
				GCC_WARN_UNUSED_VARIABLE = YES;
				IPHONEOS_DEPLOYMENT_TARGET = 11.3;
				MTL_ENABLE_DEBUG_INFO = YES;
				ONLY_ACTIVE_ARCH = YES;
				SDKROOT = iphoneos;
				SWIFT_ACTIVE_COMPILATION_CONDITIONS = DEBUG;
				SWIFT_OPTIMIZATION_LEVEL = "-Onone";
			};
			name = Debug;
		};
		5F202517206FEEFB0098FD07 /* Release */ = {
			isa = XCBuildConfiguration;
			buildSettings = {
				ALWAYS_SEARCH_USER_PATHS = NO;
				CLANG_ANALYZER_NONNULL = YES;
				CLANG_ANALYZER_NUMBER_OBJECT_CONVERSION = YES_AGGRESSIVE;
				CLANG_CXX_LANGUAGE_STANDARD = "gnu++14";
				CLANG_CXX_LIBRARY = "libc++";
				CLANG_ENABLE_MODULES = YES;
				CLANG_ENABLE_OBJC_ARC = YES;
				CLANG_ENABLE_OBJC_WEAK = YES;
				CLANG_WARN_BLOCK_CAPTURE_AUTORELEASING = YES;
				CLANG_WARN_BOOL_CONVERSION = YES;
				CLANG_WARN_COMMA = YES;
				CLANG_WARN_CONSTANT_CONVERSION = YES;
				CLANG_WARN_DEPRECATED_OBJC_IMPLEMENTATIONS = YES;
				CLANG_WARN_DIRECT_OBJC_ISA_USAGE = YES_ERROR;
				CLANG_WARN_DOCUMENTATION_COMMENTS = YES;
				CLANG_WARN_EMPTY_BODY = YES;
				CLANG_WARN_ENUM_CONVERSION = YES;
				CLANG_WARN_INFINITE_RECURSION = YES;
				CLANG_WARN_INT_CONVERSION = YES;
				CLANG_WARN_NON_LITERAL_NULL_CONVERSION = YES;
				CLANG_WARN_OBJC_IMPLICIT_RETAIN_SELF = YES;
				CLANG_WARN_OBJC_LITERAL_CONVERSION = YES;
				CLANG_WARN_OBJC_ROOT_CLASS = YES_ERROR;
				CLANG_WARN_RANGE_LOOP_ANALYSIS = YES;
				CLANG_WARN_STRICT_PROTOTYPES = YES;
				CLANG_WARN_SUSPICIOUS_MOVE = YES;
				CLANG_WARN_UNGUARDED_AVAILABILITY = YES_AGGRESSIVE;
				CLANG_WARN_UNREACHABLE_CODE = YES;
				CLANG_WARN__DUPLICATE_METHOD_MATCH = YES;
				CODE_SIGN_IDENTITY = "iPhone Developer";
				COPY_PHASE_STRIP = NO;
				DEBUG_INFORMATION_FORMAT = "dwarf-with-dsym";
				ENABLE_NS_ASSERTIONS = NO;
				ENABLE_STRICT_OBJC_MSGSEND = YES;
				GCC_C_LANGUAGE_STANDARD = gnu11;
				GCC_NO_COMMON_BLOCKS = YES;
				GCC_WARN_64_TO_32_BIT_CONVERSION = YES;
				GCC_WARN_ABOUT_RETURN_TYPE = YES_ERROR;
				GCC_WARN_UNDECLARED_SELECTOR = YES;
				GCC_WARN_UNINITIALIZED_AUTOS = YES_AGGRESSIVE;
				GCC_WARN_UNUSED_FUNCTION = YES;
				GCC_WARN_UNUSED_VARIABLE = YES;
				IPHONEOS_DEPLOYMENT_TARGET = 11.3;
				MTL_ENABLE_DEBUG_INFO = NO;
				SDKROOT = iphoneos;
				SWIFT_COMPILATION_MODE = wholemodule;
				SWIFT_OPTIMIZATION_LEVEL = "-O";
				VALIDATE_PRODUCT = YES;
			};
			name = Release;
		};
		5F202519206FEEFB0098FD07 /* Debug */ = {
			isa = XCBuildConfiguration;
			buildSettings = {
				ASSETCATALOG_COMPILER_APPICON_NAME = AppIcon;
				CODE_SIGN_STYLE = Automatic;
				INFOPLIST_FILE = "idade de cachorro/Info.plist";
				LD_RUNPATH_SEARCH_PATHS = (
					"$(inherited)",
					"@executable_path/Frameworks",
				);
				PRODUCT_BUNDLE_IDENTIFIER = "Hicharles.idade-de-cachorro";
				PRODUCT_NAME = "$(TARGET_NAME)";
				SWIFT_VERSION = 4.0;
				TARGETED_DEVICE_FAMILY = "1,2";
			};
			name = Debug;
		};
		5F20251A206FEEFB0098FD07 /* Release */ = {
			isa = XCBuildConfiguration;
			buildSettings = {
				ASSETCATALOG_COMPILER_APPICON_NAME = AppIcon;
				CODE_SIGN_STYLE = Automatic;
				INFOPLIST_FILE = "idade de cachorro/Info.plist";
				LD_RUNPATH_SEARCH_PATHS = (
					"$(inherited)",
					"@executable_path/Frameworks",
				);
				PRODUCT_BUNDLE_IDENTIFIER = "Hicharles.idade-de-cachorro";
				PRODUCT_NAME = "$(TARGET_NAME)";
				SWIFT_VERSION = 4.0;
				TARGETED_DEVICE_FAMILY = "1,2";
			};
			name = Release;
		};
/* End XCBuildConfiguration section */

/* Begin XCConfigurationList section */
		5F202501206FEEF90098FD07 /* Build configuration list for PBXProject "idade de cachorro" */ = {
			isa = XCConfigurationList;
			buildConfigurations = (
				5F202516206FEEFB0098FD07 /* Debug */,
				5F202517206FEEFB0098FD07 /* Release */,
			);
			defaultConfigurationIsVisible = 0;
			defaultConfigurationName = Release;
		};
		5F202518206FEEFB0098FD07 /* Build configuration list for PBXNativeTarget "idade de cachorro" */ = {
			isa = XCConfigurationList;
			buildConfigurations = (
				5F202519206FEEFB0098FD07 /* Debug */,
				5F20251A206FEEFB0098FD07 /* Release */,
			);
			defaultConfigurationIsVisible = 0;
			defaultConfigurationName = Release;
		};
/* End XCConfigurationList section */
	};
	rootObject = 5F2024FE206FEEF90098FD07 /* Project object */;
}
